
Microsoft Visual Studio Solution File, Format Version 12.00
# Visual Studio Version 17
VisualStudioVersion = 17.4.33403.182
MinimumVisualStudioVersion = 10.0.40219.1
Project("{FAE04EC0-301F-11D3-BF4B-00C04F79EFBC}") = "BlazorDemo.Web", "BlazorDemo.Web.csproj", "{5680568A-74D4-4100-A505-42455EC5CEC9}"
	ProjectSection(ProjectDependencies) = postProject
		{F36BE5D1-52E3-4425-A1A2-BAE8DBD77681} = {F36BE5D1-52E3-4425-A1A2-BAE8DBD77681}
	EndProjectSection
EndProject
Project("{FAE04EC0-301F-11D3-BF4B-00C04F79EFBC}") = "BlazorDemo.Common.Web", "..\BlazorDemo.Common.Web\BlazorDemo.Common.Web.csproj", "{F36BE5D1-52E3-4425-A1A2-BAE8DBD77681}"
EndProject
Global
	GlobalSection(SolutionConfigurationPlatforms) = preSolution
		Debug|Any CPU = Debug|Any CPU
		Release|Any CPU = Release|Any CPU
	EndGlobalSection
	GlobalSection(ProjectConfigurationPlatforms) = postSolution
		{5680568A-74D4-4100-A505-42455EC5CEC9}.Debug|Any CPU.ActiveCfg = Debug|Any CPU
		{5680568A-74D4-4100-A505-42455EC5CEC9}.Debug|Any CPU.Build.0 = Debug|Any CPU
		{5680568A-74D4-4100-A505-42455EC5CEC9}.Release|Any CPU.ActiveCfg = Release|Any CPU
		{5680568A-74D4-4100-A505-42455EC5CEC9}.Release|Any CPU.Build.0 = Release|Any CPU
		{F36BE5D1-52E3-4425-A1A2-BAE8DBD77681}.Debug|Any CPU.ActiveCfg = Debug|Any CPU
		{F36BE5D1-52E3-4425-A1A2-BAE8DBD77681}.Debug|Any CPU.Build.0 = Debug|Any CPU
		{F36BE5D1-52E3-4425-A1A2-BAE8DBD77681}.Release|Any CPU.ActiveCfg = Release|Any CPU
		{F36BE5D1-52E3-4425-A1A2-BAE8DBD77681}.Release|Any CPU.Build.0 = Release|Any CPU
	EndGlobalSection
	GlobalSection(SolutionProperties) = preSolution
		HideSolutionNode = FALSE
	EndGlobalSection
	GlobalSection(ExtensibilityGlobals) = postSolution
		SolutionGuid = {A161F408-6DF1-48E9-99BD-021D8EF2B51A}
	EndGlobalSection
EndGlobal
